
Microsoft Visual Studio Solution File, Format Version 12.00
Project("{FAE04EC0-301F-11D3-BF4B-00C04F79EFBC}") = "Day1", "Day1\Day1.csproj", "{1C87F31C-52B5-4843-9569-5B5358949766}"
EndProject
Project("{FAE04EC0-301F-11D3-BF4B-00C04F79EFBC}") = "Day2", "Day2\Day2.csproj", "{C14E1078-7DFC-4AC1-A4AA-518142996218}"
EndProject
Project("{FAE04EC0-301F-11D3-BF4B-00C04F79EFBC}") = "Day3", "Day3\Day3.csproj", "{A4DF5FFF-D5D9-434D-B700-EE66A8D4032C}"
EndProject
Global
	GlobalSection(SolutionConfigurationPlatforms) = preSolution
		Debug|Any CPU = Debug|Any CPU
		Release|Any CPU = Release|Any CPU
	EndGlobalSection
	GlobalSection(ProjectConfigurationPlatforms) = postSolution
		{1C87F31C-52B5-4843-9569-5B5358949766}.Debug|Any CPU.ActiveCfg = Debug|Any CPU
		{1C87F31C-52B5-4843-9569-5B5358949766}.Debug|Any CPU.Build.0 = Debug|Any CPU
		{1C87F31C-52B5-4843-9569-5B5358949766}.Release|Any CPU.ActiveCfg = Release|Any CPU
		{1C87F31C-52B5-4843-9569-5B5358949766}.Release|Any CPU.Build.0 = Release|Any CPU
		{C14E1078-7DFC-4AC1-A4AA-518142996218}.Debug|Any CPU.ActiveCfg = Debug|Any CPU
		{C14E1078-7DFC-4AC1-A4AA-518142996218}.Debug|Any CPU.Build.0 = Debug|Any CPU
		{C14E1078-7DFC-4AC1-A4AA-518142996218}.Release|Any CPU.ActiveCfg = Release|Any CPU
		{C14E1078-7DFC-4AC1-A4AA-518142996218}.Release|Any CPU.Build.0 = Release|Any CPU
		{A4DF5FFF-D5D9-434D-B700-EE66A8D4032C}.Debug|Any CPU.ActiveCfg = Debug|Any CPU
		{A4DF5FFF-D5D9-434D-B700-EE66A8D4032C}.Debug|Any CPU.Build.0 = Debug|Any CPU
		{A4DF5FFF-D5D9-434D-B700-EE66A8D4032C}.Release|Any CPU.ActiveCfg = Release|Any CPU
		{A4DF5FFF-D5D9-434D-B700-EE66A8D4032C}.Release|Any CPU.Build.0 = Release|Any CPU
	EndGlobalSection
EndGlobal
